
Microsoft Visual Studio Solution File, Format Version 12.00
# Visual Studio Version 16
VisualStudioVersion = 16.0.29806.167
MinimumVisualStudioVersion = 10.0.40219.1
Project("{8BC9CEB8-8B4A-11D0-8D11-00A0C91BC942}") = "Jacobi_method", "Jacobi_method\Jacobi_method.vcxproj", "{F4D98F1B-3EB8-4F66-AC99-50CB8B1603DB}"
EndProject
Global
	GlobalSection(SolutionConfigurationPlatforms) = preSolution
		Debug|x64 = Debug|x64
		Debug|x86 = Debug|x86
		Release|x64 = Release|x64
		Release|x86 = Release|x86
	EndGlobalSection
	GlobalSection(ProjectConfigurationPlatforms) = postSolution
		{F4D98F1B-3EB8-4F66-AC99-50CB8B1603DB}.Debug|x64.ActiveCfg = Debug|x64
		{F4D98F1B-3EB8-4F66-AC99-50CB8B1603DB}.Debug|x64.Build.0 = Debug|x64
		{F4D98F1B-3EB8-4F66-AC99-50CB8B1603DB}.Debug|x86.ActiveCfg = Debug|Win32
		{F4D98F1B-3EB8-4F66-AC99-50CB8B1603DB}.Debug|x86.Build.0 = Debug|Win32
		{F4D98F1B-3EB8-4F66-AC99-50CB8B1603DB}.Release|x64.ActiveCfg = Release|x64
		{F4D98F1B-3EB8-4F66-AC99-50CB8B1603DB}.Release|x64.Build.0 = Release|x64
		{F4D98F1B-3EB8-4F66-AC99-50CB8B1603DB}.Release|x86.ActiveCfg = Release|Win32
		{F4D98F1B-3EB8-4F66-AC99-50CB8B1603DB}.Release|x86.Build.0 = Release|Win32
	EndGlobalSection
	GlobalSection(SolutionProperties) = preSolution
		HideSolutionNode = FALSE
	EndGlobalSection
	GlobalSection(ExtensibilityGlobals) = postSolution
		SolutionGuid = {F22E4DD0-8073-4762-99D5-245DB4BF87B8}
	EndGlobalSection
EndGlobal
